
Microsoft Visual Studio Solution File, Format Version 12.00
# Visual Studio 15
VisualStudioVersion = 15.0.28010.2048
MinimumVisualStudioVersion = 10.0.40219.1
Project("{FAE04EC0-301F-11D3-BF4B-00C04F79EFBC}") = "NetCoreDemo", "NetCoreDemo\NetCoreDemo.csproj", "{D4524B52-8CEF-4E8F-9540-1D7C2D878537}"
EndProject
Project("{FAE04EC0-301F-11D3-BF4B-00C04F79EFBC}") = "NetCoreDemo1", "NetCoreDemo1\NetCoreDemo1.csproj", "{AF4AC894-67F4-4C05-9A31-4202628061E0}"
EndProject
Project("{FAE04EC0-301F-11D3-BF4B-00C04F79EFBC}") = "NetCore.Common", "NetCore.Common\NetCore.Common.csproj", "{C14762EB-6749-480F-AE7A-B21B06229C58}"
EndProject
Project("{FAE04EC0-301F-11D3-BF4B-00C04F79EFBC}") = "NetCore.DTO", "NetCore.DTO\NetCore.DTO.csproj", "{8F7D3918-C951-4228-A8E2-F4F88F0504EE}"
EndProject
Project("{FAE04EC0-301F-11D3-BF4B-00C04F79EFBC}") = "NetCore.Model", "NetCore.Model\NetCore.Model.csproj", "{95406677-44F5-4716-8C0B-B2EF29C339A2}"
EndProject
Global
	GlobalSection(SolutionConfigurationPlatforms) = preSolution
		Debug|Any CPU = Debug|Any CPU
		Release|Any CPU = Release|Any CPU
	EndGlobalSection
	GlobalSection(ProjectConfigurationPlatforms) = postSolution
		{D4524B52-8CEF-4E8F-9540-1D7C2D878537}.Debug|Any CPU.ActiveCfg = Debug|Any CPU
		{D4524B52-8CEF-4E8F-9540-1D7C2D878537}.Debug|Any CPU.Build.0 = Debug|Any CPU
		{D4524B52-8CEF-4E8F-9540-1D7C2D878537}.Release|Any CPU.ActiveCfg = Release|Any CPU
		{D4524B52-8CEF-4E8F-9540-1D7C2D878537}.Release|Any CPU.Build.0 = Release|Any CPU
		{AF4AC894-67F4-4C05-9A31-4202628061E0}.Debug|Any CPU.ActiveCfg = Debug|Any CPU
		{AF4AC894-67F4-4C05-9A31-4202628061E0}.Debug|Any CPU.Build.0 = Debug|Any CPU
		{AF4AC894-67F4-4C05-9A31-4202628061E0}.Release|Any CPU.ActiveCfg = Release|Any CPU
		{AF4AC894-67F4-4C05-9A31-4202628061E0}.Release|Any CPU.Build.0 = Release|Any CPU
		{C14762EB-6749-480F-AE7A-B21B06229C58}.Debug|Any CPU.ActiveCfg = Debug|Any CPU
		{C14762EB-6749-480F-AE7A-B21B06229C58}.Debug|Any CPU.Build.0 = Debug|Any CPU
		{C14762EB-6749-480F-AE7A-B21B06229C58}.Release|Any CPU.ActiveCfg = Release|Any CPU
		{C14762EB-6749-480F-AE7A-B21B06229C58}.Release|Any CPU.Build.0 = Release|Any CPU
		{8F7D3918-C951-4228-A8E2-F4F88F0504EE}.Debug|Any CPU.ActiveCfg = Debug|Any CPU
		{8F7D3918-C951-4228-A8E2-F4F88F0504EE}.Debug|Any CPU.Build.0 = Debug|Any CPU
		{8F7D3918-C951-4228-A8E2-F4F88F0504EE}.Release|Any CPU.ActiveCfg = Release|Any CPU
		{8F7D3918-C951-4228-A8E2-F4F88F0504EE}.Release|Any CPU.Build.0 = Release|Any CPU
		{95406677-44F5-4716-8C0B-B2EF29C339A2}.Debug|Any CPU.ActiveCfg = Debug|Any CPU
		{95406677-44F5-4716-8C0B-B2EF29C339A2}.Debug|Any CPU.Build.0 = Debug|Any CPU
		{95406677-44F5-4716-8C0B-B2EF29C339A2}.Release|Any CPU.ActiveCfg = Release|Any CPU
		{95406677-44F5-4716-8C0B-B2EF29C339A2}.Release|Any CPU.Build.0 = Release|Any CPU
	EndGlobalSection
	GlobalSection(SolutionProperties) = preSolution
		HideSolutionNode = FALSE
	EndGlobalSection
	GlobalSection(ExtensibilityGlobals) = postSolution
		SolutionGuid = {CD83B67A-C48B-42B3-A76C-E31315B5A6C5}
	EndGlobalSection
EndGlobal
